
Microsoft Visual Studio Solution File, Format Version 12.00
# Visual Studio 15
VisualStudioVersion = 15.0.27130.2003
MinimumVisualStudioVersion = 10.0.40219.1
Project("{FAE04EC0-301F-11D3-BF4B-00C04F79EFBC}") = "PathBetweenCititesV2", "PathBetweenCititesV2\PathBetweenCititesV2.csproj", "{9DA2F096-A93E-4806-AF8D-3A6E6CEDB458}"
EndProject
Global
	GlobalSection(SolutionConfigurationPlatforms) = preSolution
		Debug|Any CPU = Debug|Any CPU
		Release|Any CPU = Release|Any CPU
	EndGlobalSection
	GlobalSection(ProjectConfigurationPlatforms) = postSolution
		{9DA2F096-A93E-4806-AF8D-3A6E6CEDB458}.Debug|Any CPU.ActiveCfg = Debug|Any CPU
		{9DA2F096-A93E-4806-AF8D-3A6E6CEDB458}.Debug|Any CPU.Build.0 = Debug|Any CPU
		{9DA2F096-A93E-4806-AF8D-3A6E6CEDB458}.Debug|Any CPU.Deploy.0 = Debug|Any CPU
		{9DA2F096-A93E-4806-AF8D-3A6E6CEDB458}.Release|Any CPU.ActiveCfg = Release|Any CPU
		{9DA2F096-A93E-4806-AF8D-3A6E6CEDB458}.Release|Any CPU.Build.0 = Release|Any CPU
		{9DA2F096-A93E-4806-AF8D-3A6E6CEDB458}.Release|Any CPU.Deploy.0 = Release|Any CPU
	EndGlobalSection
	GlobalSection(SolutionProperties) = preSolution
		HideSolutionNode = FALSE
	EndGlobalSection
	GlobalSection(ExtensibilityGlobals) = postSolution
		SolutionGuid = {2745F53E-FB9A-4760-B1AF-493F5CE0C127}
	EndGlobalSection
EndGlobal
